
Microsoft Visual Studio Solution File, Format Version 12.00
# Visual Studio Version 17
VisualStudioVersion = 17.0.31903.59
MinimumVisualStudioVersion = 10.0.40219.1
Project("{FAE04EC0-301F-11D3-BF4B-00C04F79EFBC}") = "TUnit.Test", "TUnit.Test\TUnit.Test.csproj", "{6C037C89-0E7C-42F2-9F36-D183BB93AAAF}"
EndProject
Global
	GlobalSection(SolutionConfigurationPlatforms) = preSolution
		Debug|Any CPU = Debug|Any CPU
		Release|Any CPU = Release|Any CPU
	EndGlobalSection
	GlobalSection(SolutionProperties) = preSolution
		HideSolutionNode = FALSE
	EndGlobalSection
	GlobalSection(ProjectConfigurationPlatforms) = postSolution
		{6C037C89-0E7C-42F2-9F36-D183BB93AAAF}.Debug|Any CPU.ActiveCfg = Debug|Any CPU
		{6C037C89-0E7C-42F2-9F36-D183BB93AAAF}.Debug|Any CPU.Build.0 = Debug|Any CPU
		{6C037C89-0E7C-42F2-9F36-D183BB93AAAF}.Release|Any CPU.ActiveCfg = Release|Any CPU
		{6C037C89-0E7C-42F2-9F36-D183BB93AAAF}.Release|Any CPU.Build.0 = Release|Any CPU
	EndGlobalSection
EndGlobal
